
Microsoft Visual Studio Solution File, Format Version 12.00
# Visual Studio 15
VisualStudioVersion = 15.0.27004.2006
MinimumVisualStudioVersion = 10.0.40219.1
Project("{FAE04EC0-301F-11D3-BF4B-00C04F79EFBC}") = "CameraBazaar.Web", "CameraBazaar.Web\CameraBazaar.Web.csproj", "{168BA213-8B13-4700-B582-530B358EB60C}"
EndProject
Project("{FAE04EC0-301F-11D3-BF4B-00C04F79EFBC}") = "CameraBazaar.Data", "CameraBazaar.Data\CameraBazaar.Data.csproj", "{8204977D-BF9E-42AE-BE58-BA14DC3909CC}"
EndProject
Global
	GlobalSection(SolutionConfigurationPlatforms) = preSolution
		Debug|Any CPU = Debug|Any CPU
		Release|Any CPU = Release|Any CPU
	EndGlobalSection
	GlobalSection(ProjectConfigurationPlatforms) = postSolution
		{168BA213-8B13-4700-B582-530B358EB60C}.Debug|Any CPU.ActiveCfg = Debug|Any CPU
		{168BA213-8B13-4700-B582-530B358EB60C}.Debug|Any CPU.Build.0 = Debug|Any CPU
		{168BA213-8B13-4700-B582-530B358EB60C}.Release|Any CPU.ActiveCfg = Release|Any CPU
		{168BA213-8B13-4700-B582-530B358EB60C}.Release|Any CPU.Build.0 = Release|Any CPU
		{8204977D-BF9E-42AE-BE58-BA14DC3909CC}.Debug|Any CPU.ActiveCfg = Debug|Any CPU
		{8204977D-BF9E-42AE-BE58-BA14DC3909CC}.Debug|Any CPU.Build.0 = Debug|Any CPU
		{8204977D-BF9E-42AE-BE58-BA14DC3909CC}.Release|Any CPU.ActiveCfg = Release|Any CPU
		{8204977D-BF9E-42AE-BE58-BA14DC3909CC}.Release|Any CPU.Build.0 = Release|Any CPU
	EndGlobalSection
	GlobalSection(SolutionProperties) = preSolution
		HideSolutionNode = FALSE
	EndGlobalSection
	GlobalSection(ExtensibilityGlobals) = postSolution
		SolutionGuid = {0192EABA-4B6C-42D8-AAD4-ED0AF25DAF5C}
	EndGlobalSection
EndGlobal
