
Microsoft Visual Studio Solution File, Format Version 12.00
# Visual Studio 15
VisualStudioVersion = 15.0.26730.16
MinimumVisualStudioVersion = 10.0.40219.1
Project("{9A19103F-16F7-4668-BE54-9A1E7A4F7556}") = "MyCoolWebServer", "MyCoolWebServer\MyCoolWebServer.csproj", "{AC7915B4-6245-4719-A788-CD959458014A}"
EndProject
Global
	GlobalSection(SolutionConfigurationPlatforms) = preSolution
		Debug|Any CPU = Debug|Any CPU
		Release|Any CPU = Release|Any CPU
	EndGlobalSection
	GlobalSection(ProjectConfigurationPlatforms) = postSolution
		{AC7915B4-6245-4719-A788-CD959458014A}.Debug|Any CPU.ActiveCfg = Debug|Any CPU
		{AC7915B4-6245-4719-A788-CD959458014A}.Debug|Any CPU.Build.0 = Debug|Any CPU
		{AC7915B4-6245-4719-A788-CD959458014A}.Release|Any CPU.ActiveCfg = Release|Any CPU
		{AC7915B4-6245-4719-A788-CD959458014A}.Release|Any CPU.Build.0 = Release|Any CPU
	EndGlobalSection
	GlobalSection(SolutionProperties) = preSolution
		HideSolutionNode = FALSE
	EndGlobalSection
	GlobalSection(ExtensibilityGlobals) = postSolution
		SolutionGuid = {C8337621-A089-4699-B611-4476A8A1F1F6}
	EndGlobalSection
EndGlobal
