
Microsoft Visual Studio Solution File, Format Version 12.00
# Visual Studio 15
VisualStudioVersion = 15.0.26403.7
MinimumVisualStudioVersion = 10.0.40219.1
Project("{FAE04EC0-301F-11D3-BF4B-00C04F79EFBC}") = "01.FirstWebSite", "01.FirstWebSite\01.FirstWebSite.csproj", "{A1CDD04A-6F2F-47C2-A6C5-749E97868315}"
EndProject
Project("{FAE04EC0-301F-11D3-BF4B-00C04F79EFBC}") = "02.AddMenu", "02.AddMenu\02.AddMenu.csproj", "{DD36A5CC-B47A-4354-BE52-3BB71D1EF182}"
EndProject
Project("{FAE04EC0-301F-11D3-BF4B-00C04F79EFBC}") = "03.AddParagraph", "03.AddParagraph\03.AddParagraph.csproj", "{BE0EB710-913B-4C56-9C94-8CD28BC3BDDF}"
EndProject
Project("{FAE04EC0-301F-11D3-BF4B-00C04F79EFBC}") = "11.AddCake", "11.AddCake\11.AddCake.csproj", "{51F346C7-FA60-4EA7-B51D-CE2A19B26089}"
EndProject
Project("{FAE04EC0-301F-11D3-BF4B-00C04F79EFBC}") = "12.WriteData", "12.WriteData\12.WriteData.csproj", "{A9855AF6-E9B9-4292-8400-E20F2199C26A}"
EndProject
Project("{FAE04EC0-301F-11D3-BF4B-00C04F79EFBC}") = "13.BrowseCakes", "13.BrowseCakes\13.BrowseCakes.csproj", "{B2D98A4C-E5DE-4AC8-B43F-0B8F057499E5}"
EndProject
Project("{FAE04EC0-301F-11D3-BF4B-00C04F79EFBC}") = "14.Calculate", "14.Calculate\14.Calculate.csproj", "{40AEF7C8-055B-4893-A610-6425F84FE0B8}"
EndProject
Project("{FAE04EC0-301F-11D3-BF4B-00C04F79EFBC}") = "15.LoginForm", "15.LoginForm\15.LoginForm.csproj", "{0EB8EF83-017F-4AE7-8F46-1BF8E63F1C88}"
EndProject
Global
	GlobalSection(SolutionConfigurationPlatforms) = preSolution
		Debug|Any CPU = Debug|Any CPU
		Release|Any CPU = Release|Any CPU
	EndGlobalSection
	GlobalSection(ProjectConfigurationPlatforms) = postSolution
		{A1CDD04A-6F2F-47C2-A6C5-749E97868315}.Debug|Any CPU.ActiveCfg = Debug|Any CPU
		{A1CDD04A-6F2F-47C2-A6C5-749E97868315}.Debug|Any CPU.Build.0 = Debug|Any CPU
		{A1CDD04A-6F2F-47C2-A6C5-749E97868315}.Release|Any CPU.ActiveCfg = Release|Any CPU
		{A1CDD04A-6F2F-47C2-A6C5-749E97868315}.Release|Any CPU.Build.0 = Release|Any CPU
		{DD36A5CC-B47A-4354-BE52-3BB71D1EF182}.Debug|Any CPU.ActiveCfg = Debug|Any CPU
		{DD36A5CC-B47A-4354-BE52-3BB71D1EF182}.Debug|Any CPU.Build.0 = Debug|Any CPU
		{DD36A5CC-B47A-4354-BE52-3BB71D1EF182}.Release|Any CPU.ActiveCfg = Release|Any CPU
		{DD36A5CC-B47A-4354-BE52-3BB71D1EF182}.Release|Any CPU.Build.0 = Release|Any CPU
		{BE0EB710-913B-4C56-9C94-8CD28BC3BDDF}.Debug|Any CPU.ActiveCfg = Debug|Any CPU
		{BE0EB710-913B-4C56-9C94-8CD28BC3BDDF}.Debug|Any CPU.Build.0 = Debug|Any CPU
		{BE0EB710-913B-4C56-9C94-8CD28BC3BDDF}.Release|Any CPU.ActiveCfg = Release|Any CPU
		{BE0EB710-913B-4C56-9C94-8CD28BC3BDDF}.Release|Any CPU.Build.0 = Release|Any CPU
		{51F346C7-FA60-4EA7-B51D-CE2A19B26089}.Debug|Any CPU.ActiveCfg = Debug|Any CPU
		{51F346C7-FA60-4EA7-B51D-CE2A19B26089}.Debug|Any CPU.Build.0 = Debug|Any CPU
		{51F346C7-FA60-4EA7-B51D-CE2A19B26089}.Release|Any CPU.ActiveCfg = Release|Any CPU
		{51F346C7-FA60-4EA7-B51D-CE2A19B26089}.Release|Any CPU.Build.0 = Release|Any CPU
		{A9855AF6-E9B9-4292-8400-E20F2199C26A}.Debug|Any CPU.ActiveCfg = Debug|Any CPU
		{A9855AF6-E9B9-4292-8400-E20F2199C26A}.Debug|Any CPU.Build.0 = Debug|Any CPU
		{A9855AF6-E9B9-4292-8400-E20F2199C26A}.Release|Any CPU.ActiveCfg = Release|Any CPU
		{A9855AF6-E9B9-4292-8400-E20F2199C26A}.Release|Any CPU.Build.0 = Release|Any CPU
		{B2D98A4C-E5DE-4AC8-B43F-0B8F057499E5}.Debug|Any CPU.ActiveCfg = Debug|Any CPU
		{B2D98A4C-E5DE-4AC8-B43F-0B8F057499E5}.Debug|Any CPU.Build.0 = Debug|Any CPU
		{B2D98A4C-E5DE-4AC8-B43F-0B8F057499E5}.Release|Any CPU.ActiveCfg = Release|Any CPU
		{B2D98A4C-E5DE-4AC8-B43F-0B8F057499E5}.Release|Any CPU.Build.0 = Release|Any CPU
		{40AEF7C8-055B-4893-A610-6425F84FE0B8}.Debug|Any CPU.ActiveCfg = Debug|Any CPU
		{40AEF7C8-055B-4893-A610-6425F84FE0B8}.Debug|Any CPU.Build.0 = Debug|Any CPU
		{40AEF7C8-055B-4893-A610-6425F84FE0B8}.Release|Any CPU.ActiveCfg = Release|Any CPU
		{40AEF7C8-055B-4893-A610-6425F84FE0B8}.Release|Any CPU.Build.0 = Release|Any CPU
		{0EB8EF83-017F-4AE7-8F46-1BF8E63F1C88}.Debug|Any CPU.ActiveCfg = Debug|Any CPU
		{0EB8EF83-017F-4AE7-8F46-1BF8E63F1C88}.Debug|Any CPU.Build.0 = Debug|Any CPU
		{0EB8EF83-017F-4AE7-8F46-1BF8E63F1C88}.Release|Any CPU.ActiveCfg = Release|Any CPU
		{0EB8EF83-017F-4AE7-8F46-1BF8E63F1C88}.Release|Any CPU.Build.0 = Release|Any CPU
	EndGlobalSection
	GlobalSection(SolutionProperties) = preSolution
		HideSolutionNode = FALSE
	EndGlobalSection
EndGlobal
