
Microsoft Visual Studio Solution File, Format Version 12.00
# Visual Studio 15
VisualStudioVersion = 15.0.26730.16
MinimumVisualStudioVersion = 10.0.40219.1
Project("{9A19103F-16F7-4668-BE54-9A1E7A4F7556}") = "MyCoolWebServer", "MyCoolWebServer\MyCoolWebServer.csproj", "{64082DA4-D911-4C9A-9D46-5015D3E760FC}"
EndProject
Global
	GlobalSection(SolutionConfigurationPlatforms) = preSolution
		Debug|Any CPU = Debug|Any CPU
		Release|Any CPU = Release|Any CPU
	EndGlobalSection
	GlobalSection(ProjectConfigurationPlatforms) = postSolution
		{64082DA4-D911-4C9A-9D46-5015D3E760FC}.Debug|Any CPU.ActiveCfg = Debug|Any CPU
		{64082DA4-D911-4C9A-9D46-5015D3E760FC}.Debug|Any CPU.Build.0 = Debug|Any CPU
		{64082DA4-D911-4C9A-9D46-5015D3E760FC}.Release|Any CPU.ActiveCfg = Release|Any CPU
		{64082DA4-D911-4C9A-9D46-5015D3E760FC}.Release|Any CPU.Build.0 = Release|Any CPU
	EndGlobalSection
	GlobalSection(SolutionProperties) = preSolution
		HideSolutionNode = FALSE
	EndGlobalSection
	GlobalSection(ExtensibilityGlobals) = postSolution
		SolutionGuid = {64A7D8DB-4960-4830-A6FF-287C6E2B1998}
	EndGlobalSection
EndGlobal
