
Microsoft Visual Studio Solution File, Format Version 12.00
# Visual Studio 15
VisualStudioVersion = 15.0.26730.16
MinimumVisualStudioVersion = 10.0.40219.1
Project("{FAE04EC0-301F-11D3-BF4B-00C04F79EFBC}") = "WebServer", "WebServer\WebServer.csproj", "{8607BA71-5E19-48DD-A7A9-3132E0A7E13B}"
EndProject
Global
	GlobalSection(SolutionConfigurationPlatforms) = preSolution
		Debug|Any CPU = Debug|Any CPU
		Release|Any CPU = Release|Any CPU
	EndGlobalSection
	GlobalSection(ProjectConfigurationPlatforms) = postSolution
		{8607BA71-5E19-48DD-A7A9-3132E0A7E13B}.Debug|Any CPU.ActiveCfg = Debug|Any CPU
		{8607BA71-5E19-48DD-A7A9-3132E0A7E13B}.Debug|Any CPU.Build.0 = Debug|Any CPU
		{8607BA71-5E19-48DD-A7A9-3132E0A7E13B}.Release|Any CPU.ActiveCfg = Release|Any CPU
		{8607BA71-5E19-48DD-A7A9-3132E0A7E13B}.Release|Any CPU.Build.0 = Release|Any CPU
	EndGlobalSection
	GlobalSection(SolutionProperties) = preSolution
		HideSolutionNode = FALSE
	EndGlobalSection
	GlobalSection(ExtensibilityGlobals) = postSolution
		SolutionGuid = {6A14A29F-BA0F-45FB-809F-1B34061D90E3}
	EndGlobalSection
EndGlobal
