
Microsoft Visual Studio Solution File, Format Version 12.00
# Visual Studio 15
VisualStudioVersion = 15.0.26430.15
MinimumVisualStudioVersion = 10.0.40219.1
Project("{FAE04EC0-301F-11D3-BF4B-00C04F79EFBC}") = "Paw Inc", "Paw Inc.\Paw Inc.csproj", "{37FA74F2-C2FD-427B-9DF9-E1FF429A358D}"
EndProject
Global
	GlobalSection(SolutionConfigurationPlatforms) = preSolution
		Debug|Any CPU = Debug|Any CPU
		Release|Any CPU = Release|Any CPU
	EndGlobalSection
	GlobalSection(ProjectConfigurationPlatforms) = postSolution
		{37FA74F2-C2FD-427B-9DF9-E1FF429A358D}.Debug|Any CPU.ActiveCfg = Debug|Any CPU
		{37FA74F2-C2FD-427B-9DF9-E1FF429A358D}.Debug|Any CPU.Build.0 = Debug|Any CPU
		{37FA74F2-C2FD-427B-9DF9-E1FF429A358D}.Release|Any CPU.ActiveCfg = Release|Any CPU
		{37FA74F2-C2FD-427B-9DF9-E1FF429A358D}.Release|Any CPU.Build.0 = Release|Any CPU
	EndGlobalSection
	GlobalSection(SolutionProperties) = preSolution
		HideSolutionNode = FALSE
	EndGlobalSection
EndGlobal
