
Microsoft Visual Studio Solution File, Format Version 12.00
# Visual Studio 15
VisualStudioVersion = 15.0.26730.16
MinimumVisualStudioVersion = 10.0.40219.1
Project("{9A19103F-16F7-4668-BE54-9A1E7A4F7556}") = "WebServer", "WebServer\WebServer.csproj", "{493C452E-B6E2-4B55-A251-9525C96689CA}"
EndProject
Global
	GlobalSection(SolutionConfigurationPlatforms) = preSolution
		Debug|Any CPU = Debug|Any CPU
		Release|Any CPU = Release|Any CPU
	EndGlobalSection
	GlobalSection(ProjectConfigurationPlatforms) = postSolution
		{493C452E-B6E2-4B55-A251-9525C96689CA}.Debug|Any CPU.ActiveCfg = Debug|Any CPU
		{493C452E-B6E2-4B55-A251-9525C96689CA}.Debug|Any CPU.Build.0 = Debug|Any CPU
		{493C452E-B6E2-4B55-A251-9525C96689CA}.Release|Any CPU.ActiveCfg = Release|Any CPU
		{493C452E-B6E2-4B55-A251-9525C96689CA}.Release|Any CPU.Build.0 = Release|Any CPU
	EndGlobalSection
	GlobalSection(SolutionProperties) = preSolution
		HideSolutionNode = FALSE
	EndGlobalSection
	GlobalSection(ExtensibilityGlobals) = postSolution
		SolutionGuid = {701EDB78-23C6-469A-9AF3-59ADD4A04463}
	EndGlobalSection
EndGlobal
