
Microsoft Visual Studio Solution File, Format Version 12.00
# Visual Studio 14
VisualStudioVersion = 14.0.25420.1
MinimumVisualStudioVersion = 10.0.40219.1
Project("{FAE04EC0-301F-11D3-BF4B-00C04F79EFBC}") = "CarDealer.App", "CarDealer.App\CarDealer.App.csproj", "{D17A05E4-9E66-4987-984E-8A477B8FC09E}"
EndProject
Project("{FAE04EC0-301F-11D3-BF4B-00C04F79EFBC}") = "CarDealer.Data", "CarDealer.Data\CarDealer.Data.csproj", "{91A2F8C5-CDFE-4DE0-BBD0-C28DB535DAB3}"
EndProject
Project("{FAE04EC0-301F-11D3-BF4B-00C04F79EFBC}") = "CarDealer.Models", "CarDealer.Models\CarDealer.Models.csproj", "{567BEDDD-5C3A-4D40-BD22-1173D41583A7}"
EndProject
Global
	GlobalSection(SolutionConfigurationPlatforms) = preSolution
		Debug|Any CPU = Debug|Any CPU
		Release|Any CPU = Release|Any CPU
	EndGlobalSection
	GlobalSection(ProjectConfigurationPlatforms) = postSolution
		{D17A05E4-9E66-4987-984E-8A477B8FC09E}.Debug|Any CPU.ActiveCfg = Debug|Any CPU
		{D17A05E4-9E66-4987-984E-8A477B8FC09E}.Debug|Any CPU.Build.0 = Debug|Any CPU
		{D17A05E4-9E66-4987-984E-8A477B8FC09E}.Release|Any CPU.ActiveCfg = Release|Any CPU
		{D17A05E4-9E66-4987-984E-8A477B8FC09E}.Release|Any CPU.Build.0 = Release|Any CPU
		{91A2F8C5-CDFE-4DE0-BBD0-C28DB535DAB3}.Debug|Any CPU.ActiveCfg = Debug|Any CPU
		{91A2F8C5-CDFE-4DE0-BBD0-C28DB535DAB3}.Debug|Any CPU.Build.0 = Debug|Any CPU
		{91A2F8C5-CDFE-4DE0-BBD0-C28DB535DAB3}.Release|Any CPU.ActiveCfg = Release|Any CPU
		{91A2F8C5-CDFE-4DE0-BBD0-C28DB535DAB3}.Release|Any CPU.Build.0 = Release|Any CPU
		{567BEDDD-5C3A-4D40-BD22-1173D41583A7}.Debug|Any CPU.ActiveCfg = Debug|Any CPU
		{567BEDDD-5C3A-4D40-BD22-1173D41583A7}.Debug|Any CPU.Build.0 = Debug|Any CPU
		{567BEDDD-5C3A-4D40-BD22-1173D41583A7}.Release|Any CPU.ActiveCfg = Release|Any CPU
		{567BEDDD-5C3A-4D40-BD22-1173D41583A7}.Release|Any CPU.Build.0 = Release|Any CPU
	EndGlobalSection
	GlobalSection(SolutionProperties) = preSolution
		HideSolutionNode = FALSE
	EndGlobalSection
EndGlobal
