
Microsoft Visual Studio Solution File, Format Version 12.00
# Visual Studio 15
VisualStudioVersion = 15.0.27703.2035
MinimumVisualStudioVersion = 10.0.40219.1
Project("{FAE04EC0-301F-11D3-BF4B-00C04F79EFBC}") = "1. Sum and Average", "1. Sum and Average\1. Sum and Average.csproj", "{640F3C14-F432-4687-B0D0-1941FB48BF73}"
EndProject
Project("{FAE04EC0-301F-11D3-BF4B-00C04F79EFBC}") = "2. Sort Words", "2. Sort Words\2. Sort Words.csproj", "{7252BCCB-1912-41C1-A4CA-539CD975B98C}"
EndProject
Project("{FAE04EC0-301F-11D3-BF4B-00C04F79EFBC}") = "3. Longest Subsequence", "3. Longest Subsequence\3. Longest Subsequence.csproj", "{5AB06120-7F26-4AB6-A03D-013EA1CBF650}"
EndProject
Global
	GlobalSection(SolutionConfigurationPlatforms) = preSolution
		Debug|Any CPU = Debug|Any CPU
		Release|Any CPU = Release|Any CPU
	EndGlobalSection
	GlobalSection(ProjectConfigurationPlatforms) = postSolution
		{640F3C14-F432-4687-B0D0-1941FB48BF73}.Debug|Any CPU.ActiveCfg = Debug|Any CPU
		{640F3C14-F432-4687-B0D0-1941FB48BF73}.Debug|Any CPU.Build.0 = Debug|Any CPU
		{640F3C14-F432-4687-B0D0-1941FB48BF73}.Release|Any CPU.ActiveCfg = Release|Any CPU
		{640F3C14-F432-4687-B0D0-1941FB48BF73}.Release|Any CPU.Build.0 = Release|Any CPU
		{7252BCCB-1912-41C1-A4CA-539CD975B98C}.Debug|Any CPU.ActiveCfg = Debug|Any CPU
		{7252BCCB-1912-41C1-A4CA-539CD975B98C}.Debug|Any CPU.Build.0 = Debug|Any CPU
		{7252BCCB-1912-41C1-A4CA-539CD975B98C}.Release|Any CPU.ActiveCfg = Release|Any CPU
		{7252BCCB-1912-41C1-A4CA-539CD975B98C}.Release|Any CPU.Build.0 = Release|Any CPU
		{5AB06120-7F26-4AB6-A03D-013EA1CBF650}.Debug|Any CPU.ActiveCfg = Debug|Any CPU
		{5AB06120-7F26-4AB6-A03D-013EA1CBF650}.Debug|Any CPU.Build.0 = Debug|Any CPU
		{5AB06120-7F26-4AB6-A03D-013EA1CBF650}.Release|Any CPU.ActiveCfg = Release|Any CPU
		{5AB06120-7F26-4AB6-A03D-013EA1CBF650}.Release|Any CPU.Build.0 = Release|Any CPU
	EndGlobalSection
	GlobalSection(SolutionProperties) = preSolution
		HideSolutionNode = FALSE
	EndGlobalSection
	GlobalSection(ExtensibilityGlobals) = postSolution
		SolutionGuid = {6B046491-55E9-4900-B4C3-CBA12154DD9F}
	EndGlobalSection
EndGlobal
