
Microsoft Visual Studio Solution File, Format Version 12.00
# Visual Studio 15
VisualStudioVersion = 15.0.27703.2035
MinimumVisualStudioVersion = 10.0.40219.1
Project("{FAE04EC0-301F-11D3-BF4B-00C04F79EFBC}") = "1. Sum and Average", "1. Sum and Average\1. Sum and Average.csproj", "{640F3C14-F432-4687-B0D0-1941FB48BF73}"
EndProject
Project("{FAE04EC0-301F-11D3-BF4B-00C04F79EFBC}") = "2. Sort Words", "2. Sort Words\2. Sort Words.csproj", "{7252BCCB-1912-41C1-A4CA-539CD975B98C}"
EndProject
Project("{FAE04EC0-301F-11D3-BF4B-00C04F79EFBC}") = "3. Longest Subsequence", "3. Longest Subsequence\3. Longest Subsequence.csproj", "{5AB06120-7F26-4AB6-A03D-013EA1CBF650}"
EndProject
Project("{FAE04EC0-301F-11D3-BF4B-00C04F79EFBC}") = "4. Remove Odd Occurrences", "4. Remove Odd Occurrences\4. Remove Odd Occurrences.csproj", "{643EC943-2A27-4C45-86AB-8125209BB805}"
EndProject
Project("{FAE04EC0-301F-11D3-BF4B-00C04F79EFBC}") = "5. Count of Occurrences", "5. Count of Occurrences\5. Count of Occurrences.csproj", "{D536E3D7-4205-45AE-96FE-0B28404ACBDD}"
EndProject
Project("{FAE04EC0-301F-11D3-BF4B-00C04F79EFBC}") = "6. Implement ReversedList", "6. Implement ReversedList\6. Implement ReversedList.csproj", "{63EBCA52-5C9C-4E5B-933F-A3C12AB5FA7B}"
EndProject
Project("{FAE04EC0-301F-11D3-BF4B-00C04F79EFBC}") = "7. Distance in Labyrinth", "7. Distance in Labyrinth\7. Distance in Labyrinth.csproj", "{7C207146-C03D-4D22-8D7E-263247458CC7}"
EndProject
Global
	GlobalSection(SolutionConfigurationPlatforms) = preSolution
		Debug|Any CPU = Debug|Any CPU
		Release|Any CPU = Release|Any CPU
	EndGlobalSection
	GlobalSection(ProjectConfigurationPlatforms) = postSolution
		{640F3C14-F432-4687-B0D0-1941FB48BF73}.Debug|Any CPU.ActiveCfg = Debug|Any CPU
		{640F3C14-F432-4687-B0D0-1941FB48BF73}.Debug|Any CPU.Build.0 = Debug|Any CPU
		{640F3C14-F432-4687-B0D0-1941FB48BF73}.Release|Any CPU.ActiveCfg = Release|Any CPU
		{640F3C14-F432-4687-B0D0-1941FB48BF73}.Release|Any CPU.Build.0 = Release|Any CPU
		{7252BCCB-1912-41C1-A4CA-539CD975B98C}.Debug|Any CPU.ActiveCfg = Debug|Any CPU
		{7252BCCB-1912-41C1-A4CA-539CD975B98C}.Debug|Any CPU.Build.0 = Debug|Any CPU
		{7252BCCB-1912-41C1-A4CA-539CD975B98C}.Release|Any CPU.ActiveCfg = Release|Any CPU
		{7252BCCB-1912-41C1-A4CA-539CD975B98C}.Release|Any CPU.Build.0 = Release|Any CPU
		{5AB06120-7F26-4AB6-A03D-013EA1CBF650}.Debug|Any CPU.ActiveCfg = Debug|Any CPU
		{5AB06120-7F26-4AB6-A03D-013EA1CBF650}.Debug|Any CPU.Build.0 = Debug|Any CPU
		{5AB06120-7F26-4AB6-A03D-013EA1CBF650}.Release|Any CPU.ActiveCfg = Release|Any CPU
		{5AB06120-7F26-4AB6-A03D-013EA1CBF650}.Release|Any CPU.Build.0 = Release|Any CPU
		{643EC943-2A27-4C45-86AB-8125209BB805}.Debug|Any CPU.ActiveCfg = Debug|Any CPU
		{643EC943-2A27-4C45-86AB-8125209BB805}.Debug|Any CPU.Build.0 = Debug|Any CPU
		{643EC943-2A27-4C45-86AB-8125209BB805}.Release|Any CPU.ActiveCfg = Release|Any CPU
		{643EC943-2A27-4C45-86AB-8125209BB805}.Release|Any CPU.Build.0 = Release|Any CPU
		{D536E3D7-4205-45AE-96FE-0B28404ACBDD}.Debug|Any CPU.ActiveCfg = Debug|Any CPU
		{D536E3D7-4205-45AE-96FE-0B28404ACBDD}.Debug|Any CPU.Build.0 = Debug|Any CPU
		{D536E3D7-4205-45AE-96FE-0B28404ACBDD}.Release|Any CPU.ActiveCfg = Release|Any CPU
		{D536E3D7-4205-45AE-96FE-0B28404ACBDD}.Release|Any CPU.Build.0 = Release|Any CPU
		{63EBCA52-5C9C-4E5B-933F-A3C12AB5FA7B}.Debug|Any CPU.ActiveCfg = Debug|Any CPU
		{63EBCA52-5C9C-4E5B-933F-A3C12AB5FA7B}.Debug|Any CPU.Build.0 = Debug|Any CPU
		{63EBCA52-5C9C-4E5B-933F-A3C12AB5FA7B}.Release|Any CPU.ActiveCfg = Release|Any CPU
		{63EBCA52-5C9C-4E5B-933F-A3C12AB5FA7B}.Release|Any CPU.Build.0 = Release|Any CPU
		{7C207146-C03D-4D22-8D7E-263247458CC7}.Debug|Any CPU.ActiveCfg = Debug|Any CPU
		{7C207146-C03D-4D22-8D7E-263247458CC7}.Debug|Any CPU.Build.0 = Debug|Any CPU
		{7C207146-C03D-4D22-8D7E-263247458CC7}.Release|Any CPU.ActiveCfg = Release|Any CPU
		{7C207146-C03D-4D22-8D7E-263247458CC7}.Release|Any CPU.Build.0 = Release|Any CPU
	EndGlobalSection
	GlobalSection(SolutionProperties) = preSolution
		HideSolutionNode = FALSE
	EndGlobalSection
	GlobalSection(ExtensibilityGlobals) = postSolution
		SolutionGuid = {6B046491-55E9-4900-B4C3-CBA12154DD9F}
	EndGlobalSection
EndGlobal
