
Microsoft Visual Studio Solution File, Format Version 12.00
# Visual Studio 15
VisualStudioVersion = 15.0.26403.7
MinimumVisualStudioVersion = 10.0.40219.1
Project("{FAE04EC0-301F-11D3-BF4B-00C04F79EFBC}") = "PizzaMore.Data", "PizzaMore.Data\PizzaMore.Data.csproj", "{8272E5E8-0E47-4FB1-9FD2-FE1AB1CD5E03}"
EndProject
Project("{FAE04EC0-301F-11D3-BF4B-00C04F79EFBC}") = "PizzaMore.Utilities", "PizzaMore.Utilities\PizzaMore.Utilities.csproj", "{52FD4493-F27E-42F4-B534-7A2041D079B3}"
EndProject
Project("{FAE04EC0-301F-11D3-BF4B-00C04F79EFBC}") = "Home", "Home\Home.csproj", "{881BB83A-1D64-46B5-93E2-273770526E89}"
EndProject
Project("{FAE04EC0-301F-11D3-BF4B-00C04F79EFBC}") = "SignUp", "SignUp\SignUp.csproj", "{D384283B-EDCD-4D2F-97F8-5CC2F9ECBF31}"
EndProject
Project("{FAE04EC0-301F-11D3-BF4B-00C04F79EFBC}") = "SignIn", "SignIn\SignIn.csproj", "{87FE304C-BBED-45F7-BB88-B9064903414C}"
EndProject
Project("{FAE04EC0-301F-11D3-BF4B-00C04F79EFBC}") = "Menu", "Menu\Menu.csproj", "{742F47AE-1EE5-450A-88A4-CB8281B02E84}"
EndProject
Project("{FAE04EC0-301F-11D3-BF4B-00C04F79EFBC}") = "AddPizza", "AddPizza\AddPizza.csproj", "{56BD0527-D2A3-4E5E-8C87-7AB643780397}"
EndProject
Project("{FAE04EC0-301F-11D3-BF4B-00C04F79EFBC}") = "YourSuggestions", "YourSuggestions\YourSuggestions.csproj", "{4B7745F0-3EF2-4853-91A5-BC169A154560}"
EndProject
Project("{FAE04EC0-301F-11D3-BF4B-00C04F79EFBC}") = "DetailsPizza", "DetailsPizza\DetailsPizza.csproj", "{92E2EA25-5C50-402B-91F3-C8F81DF35CA6}"
EndProject
Global
	GlobalSection(SolutionConfigurationPlatforms) = preSolution
		Debug|Any CPU = Debug|Any CPU
		Release|Any CPU = Release|Any CPU
	EndGlobalSection
	GlobalSection(ProjectConfigurationPlatforms) = postSolution
		{8272E5E8-0E47-4FB1-9FD2-FE1AB1CD5E03}.Debug|Any CPU.ActiveCfg = Debug|Any CPU
		{8272E5E8-0E47-4FB1-9FD2-FE1AB1CD5E03}.Debug|Any CPU.Build.0 = Debug|Any CPU
		{8272E5E8-0E47-4FB1-9FD2-FE1AB1CD5E03}.Release|Any CPU.ActiveCfg = Release|Any CPU
		{8272E5E8-0E47-4FB1-9FD2-FE1AB1CD5E03}.Release|Any CPU.Build.0 = Release|Any CPU
		{52FD4493-F27E-42F4-B534-7A2041D079B3}.Debug|Any CPU.ActiveCfg = Debug|Any CPU
		{52FD4493-F27E-42F4-B534-7A2041D079B3}.Debug|Any CPU.Build.0 = Debug|Any CPU
		{52FD4493-F27E-42F4-B534-7A2041D079B3}.Release|Any CPU.ActiveCfg = Release|Any CPU
		{52FD4493-F27E-42F4-B534-7A2041D079B3}.Release|Any CPU.Build.0 = Release|Any CPU
		{881BB83A-1D64-46B5-93E2-273770526E89}.Debug|Any CPU.ActiveCfg = Debug|Any CPU
		{881BB83A-1D64-46B5-93E2-273770526E89}.Debug|Any CPU.Build.0 = Debug|Any CPU
		{881BB83A-1D64-46B5-93E2-273770526E89}.Release|Any CPU.ActiveCfg = Release|Any CPU
		{881BB83A-1D64-46B5-93E2-273770526E89}.Release|Any CPU.Build.0 = Release|Any CPU
		{D384283B-EDCD-4D2F-97F8-5CC2F9ECBF31}.Debug|Any CPU.ActiveCfg = Debug|Any CPU
		{D384283B-EDCD-4D2F-97F8-5CC2F9ECBF31}.Debug|Any CPU.Build.0 = Debug|Any CPU
		{D384283B-EDCD-4D2F-97F8-5CC2F9ECBF31}.Release|Any CPU.ActiveCfg = Release|Any CPU
		{D384283B-EDCD-4D2F-97F8-5CC2F9ECBF31}.Release|Any CPU.Build.0 = Release|Any CPU
		{87FE304C-BBED-45F7-BB88-B9064903414C}.Debug|Any CPU.ActiveCfg = Debug|Any CPU
		{87FE304C-BBED-45F7-BB88-B9064903414C}.Debug|Any CPU.Build.0 = Debug|Any CPU
		{87FE304C-BBED-45F7-BB88-B9064903414C}.Release|Any CPU.ActiveCfg = Release|Any CPU
		{87FE304C-BBED-45F7-BB88-B9064903414C}.Release|Any CPU.Build.0 = Release|Any CPU
		{742F47AE-1EE5-450A-88A4-CB8281B02E84}.Debug|Any CPU.ActiveCfg = Debug|Any CPU
		{742F47AE-1EE5-450A-88A4-CB8281B02E84}.Debug|Any CPU.Build.0 = Debug|Any CPU
		{742F47AE-1EE5-450A-88A4-CB8281B02E84}.Release|Any CPU.ActiveCfg = Release|Any CPU
		{742F47AE-1EE5-450A-88A4-CB8281B02E84}.Release|Any CPU.Build.0 = Release|Any CPU
		{56BD0527-D2A3-4E5E-8C87-7AB643780397}.Debug|Any CPU.ActiveCfg = Debug|Any CPU
		{56BD0527-D2A3-4E5E-8C87-7AB643780397}.Debug|Any CPU.Build.0 = Debug|Any CPU
		{56BD0527-D2A3-4E5E-8C87-7AB643780397}.Release|Any CPU.ActiveCfg = Release|Any CPU
		{56BD0527-D2A3-4E5E-8C87-7AB643780397}.Release|Any CPU.Build.0 = Release|Any CPU
		{4B7745F0-3EF2-4853-91A5-BC169A154560}.Debug|Any CPU.ActiveCfg = Debug|Any CPU
		{4B7745F0-3EF2-4853-91A5-BC169A154560}.Debug|Any CPU.Build.0 = Debug|Any CPU
		{4B7745F0-3EF2-4853-91A5-BC169A154560}.Release|Any CPU.ActiveCfg = Release|Any CPU
		{4B7745F0-3EF2-4853-91A5-BC169A154560}.Release|Any CPU.Build.0 = Release|Any CPU
		{92E2EA25-5C50-402B-91F3-C8F81DF35CA6}.Debug|Any CPU.ActiveCfg = Debug|Any CPU
		{92E2EA25-5C50-402B-91F3-C8F81DF35CA6}.Debug|Any CPU.Build.0 = Debug|Any CPU
		{92E2EA25-5C50-402B-91F3-C8F81DF35CA6}.Release|Any CPU.ActiveCfg = Release|Any CPU
		{92E2EA25-5C50-402B-91F3-C8F81DF35CA6}.Release|Any CPU.Build.0 = Release|Any CPU
	EndGlobalSection
	GlobalSection(SolutionProperties) = preSolution
		HideSolutionNode = FALSE
	EndGlobalSection
EndGlobal
