
Microsoft Visual Studio Solution File, Format Version 12.00
# Visual Studio 14
VisualStudioVersion = 14.0.25420.1
MinimumVisualStudioVersion = 10.0.40219.1
Project("{FAE04EC0-301F-11D3-BF4B-00C04F79EFBC}") = "Models", "Models\Models.csproj", "{DD88C33C-8CB8-478E-BC50-49F93B683382}"
EndProject
Project("{FAE04EC0-301F-11D3-BF4B-00C04F79EFBC}") = "Data", "Data\Data.csproj", "{8D0A0B7D-009A-461C-97C1-D41856618CF2}"
EndProject
Project("{FAE04EC0-301F-11D3-BF4B-00C04F79EFBC}") = "Client", "Client\Client.csproj", "{BFE39AC2-44E1-4CAC-B91E-54E3C4BF7EA1}"
EndProject
Project("{FAE04EC0-301F-11D3-BF4B-00C04F79EFBC}") = "Services", "Services\Services.csproj", "{1B0D31B7-6240-485A-8716-6B7939349E25}"
EndProject
Global
	GlobalSection(SolutionConfigurationPlatforms) = preSolution
		Debug|Any CPU = Debug|Any CPU
		Release|Any CPU = Release|Any CPU
	EndGlobalSection
	GlobalSection(ProjectConfigurationPlatforms) = postSolution
		{DD88C33C-8CB8-478E-BC50-49F93B683382}.Debug|Any CPU.ActiveCfg = Debug|Any CPU
		{DD88C33C-8CB8-478E-BC50-49F93B683382}.Debug|Any CPU.Build.0 = Debug|Any CPU
		{DD88C33C-8CB8-478E-BC50-49F93B683382}.Release|Any CPU.ActiveCfg = Release|Any CPU
		{DD88C33C-8CB8-478E-BC50-49F93B683382}.Release|Any CPU.Build.0 = Release|Any CPU
		{8D0A0B7D-009A-461C-97C1-D41856618CF2}.Debug|Any CPU.ActiveCfg = Debug|Any CPU
		{8D0A0B7D-009A-461C-97C1-D41856618CF2}.Debug|Any CPU.Build.0 = Debug|Any CPU
		{8D0A0B7D-009A-461C-97C1-D41856618CF2}.Release|Any CPU.ActiveCfg = Release|Any CPU
		{8D0A0B7D-009A-461C-97C1-D41856618CF2}.Release|Any CPU.Build.0 = Release|Any CPU
		{BFE39AC2-44E1-4CAC-B91E-54E3C4BF7EA1}.Debug|Any CPU.ActiveCfg = Debug|Any CPU
		{BFE39AC2-44E1-4CAC-B91E-54E3C4BF7EA1}.Debug|Any CPU.Build.0 = Debug|Any CPU
		{BFE39AC2-44E1-4CAC-B91E-54E3C4BF7EA1}.Release|Any CPU.ActiveCfg = Release|Any CPU
		{BFE39AC2-44E1-4CAC-B91E-54E3C4BF7EA1}.Release|Any CPU.Build.0 = Release|Any CPU
		{1B0D31B7-6240-485A-8716-6B7939349E25}.Debug|Any CPU.ActiveCfg = Debug|Any CPU
		{1B0D31B7-6240-485A-8716-6B7939349E25}.Debug|Any CPU.Build.0 = Debug|Any CPU
		{1B0D31B7-6240-485A-8716-6B7939349E25}.Release|Any CPU.ActiveCfg = Release|Any CPU
		{1B0D31B7-6240-485A-8716-6B7939349E25}.Release|Any CPU.Build.0 = Release|Any CPU
	EndGlobalSection
	GlobalSection(SolutionProperties) = preSolution
		HideSolutionNode = FALSE
	EndGlobalSection
EndGlobal
