
Microsoft Visual Studio Solution File, Format Version 12.00
# Visual Studio 14
VisualStudioVersion = 14.0.25420.1
MinimumVisualStudioVersion = 10.0.40219.1
Project("{FAE04EC0-301F-11D3-BF4B-00C04F79EFBC}") = "TeamBiulder.Models", "TeamBiulder.Models\TeamBiulder.Models.csproj", "{A67D548E-C8A1-45C2-AD17-0B90275930C1}"
EndProject
Project("{FAE04EC0-301F-11D3-BF4B-00C04F79EFBC}") = "TeamBiulder.Data", "TeamBiulder.Data\TeamBiulder.Data.csproj", "{DCB038FC-592C-4292-A8AF-3A7F8845DEB7}"
EndProject
Project("{FAE04EC0-301F-11D3-BF4B-00C04F79EFBC}") = "TeamBiulder.App", "TeamBiulder.App\TeamBiulder.App.csproj", "{00DE7AC2-0893-4710-8924-478F2065F231}"
EndProject
Global
	GlobalSection(SolutionConfigurationPlatforms) = preSolution
		Debug|Any CPU = Debug|Any CPU
		Release|Any CPU = Release|Any CPU
	EndGlobalSection
	GlobalSection(ProjectConfigurationPlatforms) = postSolution
		{A67D548E-C8A1-45C2-AD17-0B90275930C1}.Debug|Any CPU.ActiveCfg = Debug|Any CPU
		{A67D548E-C8A1-45C2-AD17-0B90275930C1}.Debug|Any CPU.Build.0 = Debug|Any CPU
		{A67D548E-C8A1-45C2-AD17-0B90275930C1}.Release|Any CPU.ActiveCfg = Release|Any CPU
		{A67D548E-C8A1-45C2-AD17-0B90275930C1}.Release|Any CPU.Build.0 = Release|Any CPU
		{DCB038FC-592C-4292-A8AF-3A7F8845DEB7}.Debug|Any CPU.ActiveCfg = Debug|Any CPU
		{DCB038FC-592C-4292-A8AF-3A7F8845DEB7}.Debug|Any CPU.Build.0 = Debug|Any CPU
		{DCB038FC-592C-4292-A8AF-3A7F8845DEB7}.Release|Any CPU.ActiveCfg = Release|Any CPU
		{DCB038FC-592C-4292-A8AF-3A7F8845DEB7}.Release|Any CPU.Build.0 = Release|Any CPU
		{00DE7AC2-0893-4710-8924-478F2065F231}.Debug|Any CPU.ActiveCfg = Debug|Any CPU
		{00DE7AC2-0893-4710-8924-478F2065F231}.Debug|Any CPU.Build.0 = Debug|Any CPU
		{00DE7AC2-0893-4710-8924-478F2065F231}.Release|Any CPU.ActiveCfg = Release|Any CPU
		{00DE7AC2-0893-4710-8924-478F2065F231}.Release|Any CPU.Build.0 = Release|Any CPU
	EndGlobalSection
	GlobalSection(SolutionProperties) = preSolution
		HideSolutionNode = FALSE
	EndGlobalSection
EndGlobal
