
Microsoft Visual Studio Solution File, Format Version 12.00
# Visual Studio 14
VisualStudioVersion = 14.0.25420.1
MinimumVisualStudioVersion = 10.0.40219.1
Project("{FAE04EC0-301F-11D3-BF4B-00C04F79EFBC}") = "ProductShop", "ProductShop\ProductShop.csproj", "{4722353D-C362-41CB-AD84-4314FE203149}"
EndProject
Project("{FAE04EC0-301F-11D3-BF4B-00C04F79EFBC}") = "Data", "Data\Data.csproj", "{14623191-7933-45D1-AD34-09E62B0029F0}"
EndProject
Project("{FAE04EC0-301F-11D3-BF4B-00C04F79EFBC}") = "Models", "Models\Models.csproj", "{5AFA3FA6-D8CB-4532-997A-4A8CE345A4F7}"
EndProject
Global
	GlobalSection(SolutionConfigurationPlatforms) = preSolution
		Debug|Any CPU = Debug|Any CPU
		Release|Any CPU = Release|Any CPU
	EndGlobalSection
	GlobalSection(ProjectConfigurationPlatforms) = postSolution
		{4722353D-C362-41CB-AD84-4314FE203149}.Debug|Any CPU.ActiveCfg = Debug|Any CPU
		{4722353D-C362-41CB-AD84-4314FE203149}.Debug|Any CPU.Build.0 = Debug|Any CPU
		{4722353D-C362-41CB-AD84-4314FE203149}.Release|Any CPU.ActiveCfg = Release|Any CPU
		{4722353D-C362-41CB-AD84-4314FE203149}.Release|Any CPU.Build.0 = Release|Any CPU
		{14623191-7933-45D1-AD34-09E62B0029F0}.Debug|Any CPU.ActiveCfg = Debug|Any CPU
		{14623191-7933-45D1-AD34-09E62B0029F0}.Debug|Any CPU.Build.0 = Debug|Any CPU
		{14623191-7933-45D1-AD34-09E62B0029F0}.Release|Any CPU.ActiveCfg = Release|Any CPU
		{14623191-7933-45D1-AD34-09E62B0029F0}.Release|Any CPU.Build.0 = Release|Any CPU
		{5AFA3FA6-D8CB-4532-997A-4A8CE345A4F7}.Debug|Any CPU.ActiveCfg = Debug|Any CPU
		{5AFA3FA6-D8CB-4532-997A-4A8CE345A4F7}.Debug|Any CPU.Build.0 = Debug|Any CPU
		{5AFA3FA6-D8CB-4532-997A-4A8CE345A4F7}.Release|Any CPU.ActiveCfg = Release|Any CPU
		{5AFA3FA6-D8CB-4532-997A-4A8CE345A4F7}.Release|Any CPU.Build.0 = Release|Any CPU
	EndGlobalSection
	GlobalSection(SolutionProperties) = preSolution
		HideSolutionNode = FALSE
	EndGlobalSection
EndGlobal
