
Microsoft Visual Studio Solution File, Format Version 12.00
# Visual Studio 15
VisualStudioVersion = 15.0.26430.6
MinimumVisualStudioVersion = 10.0.40219.1
Project("{FAE04EC0-301F-11D3-BF4B-00C04F79EFBC}") = "1. Sum Matrix Elements", "1. Sum Matrix Elements\1. Sum Matrix Elements.csproj", "{7F154D2B-15B5-4013-95BA-977019B5E6E2}"
EndProject
Project("{FAE04EC0-301F-11D3-BF4B-00C04F79EFBC}") = "2. Maximum sum of 2x2 submatrix", "2. Maximum sum of 2x2 submatrix\2. Maximum sum of 2x2 submatrix.csproj", "{CC9D7148-D118-4A6D-B810-76D3B9A72F85}"
EndProject
Project("{FAE04EC0-301F-11D3-BF4B-00C04F79EFBC}") = "3. Group Numbers", "3. Group Numbers\3. Group Numbers.csproj", "{52BB49B6-230B-4208-A20B-0C13A014ED8B}"
EndProject
Project("{FAE04EC0-301F-11D3-BF4B-00C04F79EFBC}") = "4. Pascal Triangle", "4. Pascal Triangle\4. Pascal Triangle.csproj", "{63AFCB65-2DAA-4DC4-97B3-F0101F17D71B}"
EndProject
Global
	GlobalSection(SolutionConfigurationPlatforms) = preSolution
		Debug|Any CPU = Debug|Any CPU
		Release|Any CPU = Release|Any CPU
	EndGlobalSection
	GlobalSection(ProjectConfigurationPlatforms) = postSolution
		{7F154D2B-15B5-4013-95BA-977019B5E6E2}.Debug|Any CPU.ActiveCfg = Debug|Any CPU
		{7F154D2B-15B5-4013-95BA-977019B5E6E2}.Debug|Any CPU.Build.0 = Debug|Any CPU
		{7F154D2B-15B5-4013-95BA-977019B5E6E2}.Release|Any CPU.ActiveCfg = Release|Any CPU
		{7F154D2B-15B5-4013-95BA-977019B5E6E2}.Release|Any CPU.Build.0 = Release|Any CPU
		{CC9D7148-D118-4A6D-B810-76D3B9A72F85}.Debug|Any CPU.ActiveCfg = Debug|Any CPU
		{CC9D7148-D118-4A6D-B810-76D3B9A72F85}.Debug|Any CPU.Build.0 = Debug|Any CPU
		{CC9D7148-D118-4A6D-B810-76D3B9A72F85}.Release|Any CPU.ActiveCfg = Release|Any CPU
		{CC9D7148-D118-4A6D-B810-76D3B9A72F85}.Release|Any CPU.Build.0 = Release|Any CPU
		{52BB49B6-230B-4208-A20B-0C13A014ED8B}.Debug|Any CPU.ActiveCfg = Debug|Any CPU
		{52BB49B6-230B-4208-A20B-0C13A014ED8B}.Debug|Any CPU.Build.0 = Debug|Any CPU
		{52BB49B6-230B-4208-A20B-0C13A014ED8B}.Release|Any CPU.ActiveCfg = Release|Any CPU
		{52BB49B6-230B-4208-A20B-0C13A014ED8B}.Release|Any CPU.Build.0 = Release|Any CPU
		{63AFCB65-2DAA-4DC4-97B3-F0101F17D71B}.Debug|Any CPU.ActiveCfg = Debug|Any CPU
		{63AFCB65-2DAA-4DC4-97B3-F0101F17D71B}.Debug|Any CPU.Build.0 = Debug|Any CPU
		{63AFCB65-2DAA-4DC4-97B3-F0101F17D71B}.Release|Any CPU.ActiveCfg = Release|Any CPU
		{63AFCB65-2DAA-4DC4-97B3-F0101F17D71B}.Release|Any CPU.Build.0 = Release|Any CPU
	EndGlobalSection
	GlobalSection(SolutionProperties) = preSolution
		HideSolutionNode = FALSE
	EndGlobalSection
EndGlobal
