
Microsoft Visual Studio Solution File, Format Version 12.00
# Visual Studio 14
VisualStudioVersion = 14.0.25420.1
MinimumVisualStudioVersion = 10.0.40219.1
Project("{FAE04EC0-301F-11D3-BF4B-00C04F79EFBC}") = "MassDefect.Client", "MassDefect.Client\MassDefect.Client.csproj", "{D2BBFD1C-BE79-48E3-9197-44BF4701AC65}"
EndProject
Project("{FAE04EC0-301F-11D3-BF4B-00C04F79EFBC}") = "MassDefect.Data", "MassDefect.Data\MassDefect.Data.csproj", "{48206DD2-9A05-4AE5-829D-1BC16FDE5D9B}"
EndProject
Project("{FAE04EC0-301F-11D3-BF4B-00C04F79EFBC}") = "MassDefect.Models", "MassDefect.Models\MassDefect.Models.csproj", "{11004475-9D54-4EDE-B240-E69625A62990}"
EndProject
Project("{FAE04EC0-301F-11D3-BF4B-00C04F79EFBC}") = "MassDefect.Import", "MassDefect.Import\MassDefect.Import.csproj", "{D8E5AD72-CC99-4BD0-9C57-8C40404773F6}"
EndProject
Project("{FAE04EC0-301F-11D3-BF4B-00C04F79EFBC}") = "MassDefect.Export", "MassDefect.Export\MassDefect.Export.csproj", "{8B3B98CF-C14E-446B-A370-1E6CD992328E}"
EndProject
Global
	GlobalSection(SolutionConfigurationPlatforms) = preSolution
		Debug|Any CPU = Debug|Any CPU
		Release|Any CPU = Release|Any CPU
	EndGlobalSection
	GlobalSection(ProjectConfigurationPlatforms) = postSolution
		{D2BBFD1C-BE79-48E3-9197-44BF4701AC65}.Debug|Any CPU.ActiveCfg = Debug|Any CPU
		{D2BBFD1C-BE79-48E3-9197-44BF4701AC65}.Debug|Any CPU.Build.0 = Debug|Any CPU
		{D2BBFD1C-BE79-48E3-9197-44BF4701AC65}.Release|Any CPU.ActiveCfg = Release|Any CPU
		{D2BBFD1C-BE79-48E3-9197-44BF4701AC65}.Release|Any CPU.Build.0 = Release|Any CPU
		{48206DD2-9A05-4AE5-829D-1BC16FDE5D9B}.Debug|Any CPU.ActiveCfg = Debug|Any CPU
		{48206DD2-9A05-4AE5-829D-1BC16FDE5D9B}.Debug|Any CPU.Build.0 = Debug|Any CPU
		{48206DD2-9A05-4AE5-829D-1BC16FDE5D9B}.Release|Any CPU.ActiveCfg = Release|Any CPU
		{48206DD2-9A05-4AE5-829D-1BC16FDE5D9B}.Release|Any CPU.Build.0 = Release|Any CPU
		{11004475-9D54-4EDE-B240-E69625A62990}.Debug|Any CPU.ActiveCfg = Debug|Any CPU
		{11004475-9D54-4EDE-B240-E69625A62990}.Debug|Any CPU.Build.0 = Debug|Any CPU
		{11004475-9D54-4EDE-B240-E69625A62990}.Release|Any CPU.ActiveCfg = Release|Any CPU
		{11004475-9D54-4EDE-B240-E69625A62990}.Release|Any CPU.Build.0 = Release|Any CPU
		{D8E5AD72-CC99-4BD0-9C57-8C40404773F6}.Debug|Any CPU.ActiveCfg = Debug|Any CPU
		{D8E5AD72-CC99-4BD0-9C57-8C40404773F6}.Debug|Any CPU.Build.0 = Debug|Any CPU
		{D8E5AD72-CC99-4BD0-9C57-8C40404773F6}.Release|Any CPU.ActiveCfg = Release|Any CPU
		{D8E5AD72-CC99-4BD0-9C57-8C40404773F6}.Release|Any CPU.Build.0 = Release|Any CPU
		{8B3B98CF-C14E-446B-A370-1E6CD992328E}.Debug|Any CPU.ActiveCfg = Debug|Any CPU
		{8B3B98CF-C14E-446B-A370-1E6CD992328E}.Debug|Any CPU.Build.0 = Debug|Any CPU
		{8B3B98CF-C14E-446B-A370-1E6CD992328E}.Release|Any CPU.ActiveCfg = Release|Any CPU
		{8B3B98CF-C14E-446B-A370-1E6CD992328E}.Release|Any CPU.Build.0 = Release|Any CPU
	EndGlobalSection
	GlobalSection(SolutionProperties) = preSolution
		HideSolutionNode = FALSE
	EndGlobalSection
EndGlobal
