
Microsoft Visual Studio Solution File, Format Version 12.00
# Visual Studio 15
VisualStudioVersion = 15.0.27004.2005
MinimumVisualStudioVersion = 10.0.40219.1
Project("{9A19103F-16F7-4668-BE54-9A1E7A4F7556}") = "SimpleMvc.Framework", "SimpleMvc.Framework\SimpleMvc.Framework.csproj", "{2296395A-7DCE-4064-9160-7BBB655CEE1F}"
EndProject
Project("{9A19103F-16F7-4668-BE54-9A1E7A4F7556}") = "WebServer", "WebServer\WebServer.csproj", "{4C7AB37C-E0A6-4F74-A4C1-56DE9BF2C30B}"
EndProject
Project("{9A19103F-16F7-4668-BE54-9A1E7A4F7556}") = "SimpleMvc.App", "SimpleMvc.App\SimpleMvc.App.csproj", "{2E0B538B-3EA3-4CED-A371-F65F5D0120F5}"
EndProject
Global
	GlobalSection(SolutionConfigurationPlatforms) = preSolution
		Debug|Any CPU = Debug|Any CPU
		Release|Any CPU = Release|Any CPU
	EndGlobalSection
	GlobalSection(ProjectConfigurationPlatforms) = postSolution
		{2296395A-7DCE-4064-9160-7BBB655CEE1F}.Debug|Any CPU.ActiveCfg = Debug|Any CPU
		{2296395A-7DCE-4064-9160-7BBB655CEE1F}.Debug|Any CPU.Build.0 = Debug|Any CPU
		{2296395A-7DCE-4064-9160-7BBB655CEE1F}.Release|Any CPU.ActiveCfg = Release|Any CPU
		{2296395A-7DCE-4064-9160-7BBB655CEE1F}.Release|Any CPU.Build.0 = Release|Any CPU
		{4C7AB37C-E0A6-4F74-A4C1-56DE9BF2C30B}.Debug|Any CPU.ActiveCfg = Debug|Any CPU
		{4C7AB37C-E0A6-4F74-A4C1-56DE9BF2C30B}.Debug|Any CPU.Build.0 = Debug|Any CPU
		{4C7AB37C-E0A6-4F74-A4C1-56DE9BF2C30B}.Release|Any CPU.ActiveCfg = Release|Any CPU
		{4C7AB37C-E0A6-4F74-A4C1-56DE9BF2C30B}.Release|Any CPU.Build.0 = Release|Any CPU
		{2E0B538B-3EA3-4CED-A371-F65F5D0120F5}.Debug|Any CPU.ActiveCfg = Debug|Any CPU
		{2E0B538B-3EA3-4CED-A371-F65F5D0120F5}.Debug|Any CPU.Build.0 = Debug|Any CPU
		{2E0B538B-3EA3-4CED-A371-F65F5D0120F5}.Release|Any CPU.ActiveCfg = Release|Any CPU
		{2E0B538B-3EA3-4CED-A371-F65F5D0120F5}.Release|Any CPU.Build.0 = Release|Any CPU
	EndGlobalSection
	GlobalSection(SolutionProperties) = preSolution
		HideSolutionNode = FALSE
	EndGlobalSection
	GlobalSection(ExtensibilityGlobals) = postSolution
		SolutionGuid = {3ABA898C-743A-4BCB-94FE-871C34896B4B}
	EndGlobalSection
EndGlobal
